<?xml version="1.0" encoding="utf-8"?>
<Project ToolsVersion="4.0" xmlns="http://schemas.microsoft.com/developer/msbuild/2003">
  <ItemGroup>
    <Filter Include="源文件">
      <UniqueIdentifier>{4FC737F1-C7A5-4376-A066-2A32D752A2FF}</UniqueIdentifier>
      <Extensions>cpp;c;cc;cxx;c++;cppm;ixx;def;odl;idl;hpj;bat;asm;asmx</Extensions>
    </Filter>
    <Filter Include="头文件">
      <UniqueIdentifier>{93995380-89BD-4b04-88EB-625FBE52EBFB}</UniqueIdentifier>
      <Extensions>h;hh;hpp;hxx;h++;hm;inl;inc;ipp;xsd</Extensions>
    </Filter>
    <Filter Include="资源文件">
      <UniqueIdentifier>{67DA6AB6-F800-4c08-8B7A-83BB121AAD01}</UniqueIdentifier>
      <Extensions>rc;ico;cur;bmp;dlg;rc2;rct;bin;rgs;gif;jpg;jpeg;jpe;resx;tiff;tif;png;wav;mfcribbon-ms</Extensions>
    </Filter>
    <Filter Include="GUI">
      <UniqueIdentifier>{54ac85a5-6857-4899-b29b-b22c3adb784b}</UniqueIdentifier>
    </Filter>
    <Filter Include="GUI\Layout">
      <UniqueIdentifier>{b8fd3b1a-0e99-45f4-a76d-b54d51ef0155}</UniqueIdentifier>
    </Filter>
    <Filter Include="Designer">
      <UniqueIdentifier>{3d8a9f0b-1234-4567-89ab-cdef01234567}</UniqueIdentifier>
    </Filter>
  </ItemGroup>
  <ItemGroup>
    <ClInclude Include="GUI\Control.h">
      <Filter>GUI</Filter>
    </ClInclude>
    <ClInclude Include="GUI\Form.h">
      <Filter>GUI</Filter>
    </ClInclude>
    <ClInclude Include="GUI\Application.h">
      <Filter>GUI</Filter>
    </ClInclude>
    <ClInclude Include="GUI\Button.h">
      <Filter>GUI</Filter>
    </ClInclude>
    <ClInclude Include="GUI\Panel.h">
      <Filter>GUI</Filter>
    </ClInclude>
    <ClInclude Include="GUI\PasswordBox.h">
      <Filter>GUI</Filter>
    </ClInclude>
    <ClInclude Include="GUI\PictureBox.h">
      <Filter>GUI</Filter>
    </ClInclude>
    <ClInclude Include="GUI\ProgressBar.h">
      <Filter>GUI</Filter>
    </ClInclude>
    <ClInclude Include="GUI\RadioBox.h">
      <Filter>GUI</Filter>
    </ClInclude>
    <ClInclude Include="GUI\RichTextBox.h">
      <Filter>GUI</Filter>
    </ClInclude>
    <ClInclude Include="GUI\RoundTextBox.h">
      <Filter>GUI</Filter>
    </ClInclude>
    <ClInclude Include="GUI\Switch.h">
      <Filter>GUI</Filter>
    </ClInclude>
    <ClInclude Include="GUI\TabControl.h">
      <Filter>GUI</Filter>
    </ClInclude>
    <ClInclude Include="GUI\TextBox.h">
      <Filter>GUI</Filter>
    </ClInclude>
    <ClInclude Include="CustomControls.h">
      <Filter>头文件</Filter>
    </ClInclude>
    <ClInclude Include="imgs.h">
      <Filter>头文件</Filter>
    </ClInclude>
    <ClInclude Include="GUI\TreeView.h">
      <Filter>GUI</Filter>
    </ClInclude>
    <ClInclude Include="GUI\Taskbar.h">
      <Filter>GUI</Filter>
    </ClInclude>
    <ClInclude Include="GUI\NotifyIcon.h">
      <Filter>GUI</Filter>
    </ClInclude>
    <ClInclude Include="DemoWindow.h">
      <Filter>头文件</Filter>
    </ClInclude>
    <ClInclude Include="nanosvg.h">
      <Filter>头文件</Filter>
    </ClInclude>
    <ClInclude Include="resource.h">
      <Filter>头文件</Filter>
    </ClInclude>
    <ClInclude Include="GUI\Layout\DockPanel.h">
      <Filter>GUI\Layout</Filter>
    </ClInclude>
    <ClInclude Include="GUI\Layout\GridPanel.h">
      <Filter>GUI\Layout</Filter>
    </ClInclude>
    <ClInclude Include="GUI\Layout\Layout.h">
      <Filter>GUI\Layout</Filter>
    </ClInclude>
    <ClInclude Include="GUI\Layout\LayoutEngine.h">
      <Filter>GUI\Layout</Filter>
    </ClInclude>
    <ClInclude Include="GUI\Layout\LayoutTypes.h">
      <Filter>GUI\Layout</Filter>
    </ClInclude>
    <ClInclude Include="GUI\Layout\RelativePanel.h">
      <Filter>GUI\Layout</Filter>
    </ClInclude>
    <ClInclude Include="GUI\Layout\StackPanel.h">
      <Filter>GUI\Layout</Filter>
    </ClInclude>
    <ClInclude Include="GUI\Layout\WrapPanel.h">
      <Filter>GUI\Layout</Filter>
    </ClInclude>
    <ClInclude Include="GUI\ToolBar.h">
      <Filter>GUI</Filter>
    </ClInclude>
    <ClInclude Include="GUI\StatusBar.h">
      <Filter>GUI</Filter>
    </ClInclude>
    <ClInclude Include="GUI\Slider.h">
      <Filter>GUI</Filter>
    </ClInclude>
    <ClInclude Include="GUI\Menu.h">
      <Filter>GUI</Filter>
    </ClInclude>
    <ClInclude Include="Designer\Designer.h">
      <Filter>Designer</Filter>
    </ClInclude>
    <ClInclude Include="Designer\DesignerCanvas.h">
      <Filter>Designer</Filter>
    </ClInclude>
    <ClInclude Include="Designer\DesignerTypes.h">
      <Filter>Designer</Filter>
    </ClInclude>
    <ClInclude Include="Designer\ToolBox.h">
      <Filter>Designer</Filter>
    </ClInclude>
    <ClInclude Include="Designer\PropertyGrid.h">
      <Filter>Designer</Filter>
    </ClInclude>
    <ClInclude Include="Designer\ComboBoxItemsEditorDialog.h">
      <Filter>Designer</Filter>
    </ClInclude>
    <ClInclude Include="Designer\GridViewColumnsEditorDialog.h">
      <Filter>Designer</Filter>
    </ClInclude>
    <ClInclude Include="Designer\TabControlPagesEditorDialog.h">
      <Filter>Designer</Filter>
    </ClInclude>
    <ClInclude Include="Designer\ToolBarButtonsEditorDialog.h">
      <Filter>Designer</Filter>
    </ClInclude>
    <ClInclude Include="Designer\TreeViewNodesEditorDialog.h">
      <Filter>Designer</Filter>
    </ClInclude>
    <ClInclude Include="Designer\GridPanelDefinitionsEditorDialog.h">
      <Filter>Designer</Filter>
    </ClInclude>
    <ClInclude Include="Designer\CodeGenerator.h">
      <Filter>Designer</Filter>
    </ClInclude>
  </ItemGroup>
  <ItemGroup>
    <ClCompile Include="GUI\Control.cpp">
      <Filter>GUI</Filter>
    </ClCompile>
    <ClCompile Include="GUI\Form.cpp">
      <Filter>GUI</Filter>
    </ClCompile>
    <ClCompile Include="main.cpp">
      <Filter>源文件</Filter>
    </ClCompile>
    <ClCompile Include="GUI\Application.cpp">
      <Filter>GUI</Filter>
    </ClCompile>
    <ClCompile Include="GUI\Button.cpp">
      <Filter>GUI</Filter>
    </ClCompile>
    <ClCompile Include="GUI\TextBox.cpp">
      <Filter>GUI</Filter>
    </ClCompile>
    <ClCompile Include="GUI\CheckBox.cpp">
      <Filter>GUI</Filter>
    </ClCompile>
    <ClCompile Include="GUI\ComboBox.cpp">
      <Filter>GUI</Filter>
    </ClCompile>
    <ClCompile Include="GUI\GridView.cpp">
      <Filter>GUI</Filter>
    </ClCompile>
    <ClCompile Include="GUI\Label.cpp">
      <Filter>GUI</Filter>
    </ClCompile>
    <ClCompile Include="GUI\Panel.cpp">
      <Filter>GUI</Filter>
    </ClCompile>
    <ClCompile Include="GUI\PasswordBox.cpp">
      <Filter>GUI</Filter>
    </ClCompile>
    <ClCompile Include="GUI\PictureBox.cpp">
      <Filter>GUI</Filter>
    </ClCompile>
    <ClCompile Include="GUI\ProgressBar.cpp">
      <Filter>GUI</Filter>
    </ClCompile>
    <ClCompile Include="GUI\RadioBox.cpp">
      <Filter>GUI</Filter>
    </ClCompile>
    <ClCompile Include="GUI\RichTextBox.cpp">
      <Filter>GUI</Filter>
    </ClCompile>
    <ClCompile Include="GUI\RoundTextBox.cpp">
      <Filter>GUI</Filter>
    </ClCompile>
    <ClCompile Include="GUI\Switch.cpp">
      <Filter>GUI</Filter>
    </ClCompile>
    <ClCompile Include="GUI\TabControl.cpp">
      <Filter>GUI</Filter>
    </ClCompile>
    <ClCompile Include="CustomControls.cpp">
      <Filter>源文件</Filter>
    </ClCompile>
    <ClCompile Include="GUI\TreeView.cpp">
      <Filter>GUI</Filter>
    </ClCompile>
    <ClCompile Include="GUI\Taskbar.cpp">
      <Filter>GUI</Filter>
    </ClCompile>
    <ClCompile Include="GUI\NotifyIcon.cpp">
      <Filter>GUI</Filter>
    </ClCompile>
    <ClCompile Include="DemoWindow.cpp">
      <Filter>源文件</Filter>
    </ClCompile>
    <ClCompile Include="nanosvg.cpp">
      <Filter>源文件</Filter>
    </ClCompile>
    <ClCompile Include="GUI\Layout\WrapPanel.cpp">
      <Filter>GUI\Layout</Filter>
    </ClCompile>
    <ClCompile Include="GUI\Layout\StackPanel.cpp">
      <Filter>GUI\Layout</Filter>
    </ClCompile>
    <ClCompile Include="GUI\Layout\RelativePanel.cpp">
      <Filter>GUI\Layout</Filter>
    </ClCompile>
    <ClCompile Include="GUI\Layout\GridPanel.cpp">
      <Filter>GUI\Layout</Filter>
    </ClCompile>
    <ClCompile Include="GUI\Layout\DockPanel.cpp">
      <Filter>GUI\Layout</Filter>
    </ClCompile>
    <ClCompile Include="GUI\ToolBar.cpp">
      <Filter>GUI</Filter>
    </ClCompile>
    <ClCompile Include="GUI\StatusBar.cpp">
      <Filter>GUI</Filter>
    </ClCompile>
    <ClCompile Include="GUI\Slider.cpp">
      <Filter>GUI</Filter>
    </ClCompile>
    <ClCompile Include="GUI\Menu.cpp">
      <Filter>GUI</Filter>
    </ClCompile>
    <ClCompile Include="Designer\Designer.cpp">
      <Filter>Designer</Filter>
    </ClCompile>
    <ClCompile Include="Designer\DesignerCanvas.cpp">
      <Filter>Designer</Filter>
    </ClCompile>
    <ClCompile Include="Designer\DesignerTypes.cpp">
      <Filter>Designer</Filter>
    </ClCompile>
    <ClCompile Include="Designer\ToolBox.cpp">
      <Filter>Designer</Filter>
    </ClCompile>
    <ClCompile Include="Designer\PropertyGrid.cpp">
      <Filter>Designer</Filter>
    </ClCompile>
    <ClCompile Include="Designer\CodeGenerator.cpp">
      <Filter>Designer</Filter>
    </ClCompile>
    <ClCompile Include="Designer\ComboBoxItemsEditorDialog.cpp">
      <Filter>Designer</Filter>
    </ClCompile>
    <ClCompile Include="Designer\GridViewColumnsEditorDialog.cpp">
      <Filter>Designer</Filter>
    </ClCompile>
    <ClCompile Include="Designer\TabControlPagesEditorDialog.cpp">
      <Filter>Designer</Filter>
    </ClCompile>
    <ClCompile Include="Designer\ToolBarButtonsEditorDialog.cpp">
      <Filter>Designer</Filter>
    </ClCompile>
    <ClCompile Include="Designer\TreeViewNodesEditorDialog.cpp">
      <Filter>Designer</Filter>
    </ClCompile>
    <ClCompile Include="Designer\GridPanelDefinitionsEditorDialog.cpp">
      <Filter>Designer</Filter>
    </ClCompile>
  </ItemGroup>
  <ItemGroup>
    <ResourceCompile Include="CUI.rc">
      <Filter>资源文件</Filter>
    </ResourceCompile>
  </ItemGroup>
  <ItemGroup>
    <Image Include="cloud.ico">
      <Filter>资源文件</Filter>
    </Image>
  </ItemGroup>
</Project>