<?xml version="1.0" encoding="utf-8"?>
<Project ToolsVersion="4.0" xmlns="http://schemas.microsoft.com/developer/msbuild/2003">
  <ItemGroup>
    <Filter Include="源文件">
      <UniqueIdentifier>{4FC737F1-C7A5-4376-A066-2A32D752A2FF}</UniqueIdentifier>
      <Extensions>cpp;c;cc;cxx;c++;cppm;ixx;def;odl;idl;hpj;bat;asm;asmx</Extensions>
    </Filter>
    <Filter Include="头文件">
      <UniqueIdentifier>{93995380-89BD-4b04-88EB-625FBE52EBFB}</UniqueIdentifier>
      <Extensions>h;hh;hpp;hxx;h++;hm;inl;inc;ipp;xsd</Extensions>
    </Filter>
    <Filter Include="资源文件">
      <UniqueIdentifier>{67DA6AB6-F800-4c08-8B7A-83BB121AAD01}</UniqueIdentifier>
      <Extensions>rc;ico;cur;bmp;dlg;rc2;rct;bin;rgs;gif;jpg;jpeg;jpe;resx;tiff;tif;png;wav;mfcribbon-ms</Extensions>
    </Filter>
    <Filter Include="GUI">
      <UniqueIdentifier>{54ac85a5-6857-4899-b29b-b22c3adb784b}</UniqueIdentifier>
    </Filter>
    <Filter Include="GUI\Layout">
      <UniqueIdentifier>{b8fd3b1a-0e99-45f4-a76d-b54d51ef0155}</UniqueIdentifier>
    </Filter>
  </ItemGroup>
  <ItemGroup>
    <ClInclude Include="GUI\Control.h">
      <Filter>GUI</Filter>
    </ClInclude>
    <ClInclude Include="GUI\Form.h">
      <Filter>GUI</Filter>
    </ClInclude>
    <ClInclude Include="GUI\Application.h">
      <Filter>GUI</Filter>
    </ClInclude>
    <ClInclude Include="GUI\Button.h">
      <Filter>GUI</Filter>
    </ClInclude>
    <ClInclude Include="GUI\CheckBox.h">
      <Filter>GUI</Filter>
    </ClInclude>
    <ClInclude Include="GUI\ComboBox.h">
      <Filter>GUI</Filter>
    </ClInclude>
    <ClInclude Include="GUI\GridView.h">
      <Filter>GUI</Filter>
    </ClInclude>
    <ClInclude Include="GUI\Label.h">
      <Filter>GUI</Filter>
    </ClInclude>
    <ClInclude Include="GUI\Panel.h">
      <Filter>GUI</Filter>
    </ClInclude>
    <ClInclude Include="GUI\PasswordBox.h">
      <Filter>GUI</Filter>
    </ClInclude>
    <ClInclude Include="GUI\PictureBox.h">
      <Filter>GUI</Filter>
    </ClInclude>
    <ClInclude Include="GUI\ProgressBar.h">
      <Filter>GUI</Filter>
    </ClInclude>
    <ClInclude Include="GUI\RadioBox.h">
      <Filter>GUI</Filter>
    </ClInclude>
    <ClInclude Include="GUI\RichTextBox.h">
      <Filter>GUI</Filter>
    </ClInclude>
    <ClInclude Include="GUI\RoundTextBox.h">
      <Filter>GUI</Filter>
    </ClInclude>
    <ClInclude Include="GUI\Switch.h">
      <Filter>GUI</Filter>
    </ClInclude>
    <ClInclude Include="GUI\TabControl.h">
      <Filter>GUI</Filter>
    </ClInclude>
    <ClInclude Include="GUI\TextBox.h">
      <Filter>GUI</Filter>
    </ClInclude>
    <ClInclude Include="GUI\TreeView.h">
      <Filter>GUI</Filter>
    </ClInclude>
    <ClInclude Include="GUI\Taskbar.h">
      <Filter>GUI</Filter>
    </ClInclude>
    <ClInclude Include="GUI\NotifyIcon.h">
      <Filter>GUI</Filter>
    </ClInclude>
    <ClInclude Include="nanosvg.h">
      <Filter>头文件</Filter>
    </ClInclude>
    <ClInclude Include="GUI\WebBrowser.h">
      <Filter>GUI</Filter>
    </ClInclude>
    <ClInclude Include="GUI\Layout\DockPanel.h">
      <Filter>GUI\Layout</Filter>
    </ClInclude>
    <ClInclude Include="GUI\Layout\GridPanel.h">
      <Filter>GUI\Layout</Filter>
    </ClInclude>
    <ClInclude Include="GUI\Layout\Layout.h">
      <Filter>GUI\Layout</Filter>
    </ClInclude>
    <ClInclude Include="GUI\Layout\LayoutEngine.h">
      <Filter>GUI\Layout</Filter>
    </ClInclude>
    <ClInclude Include="GUI\Layout\LayoutTypes.h">
      <Filter>GUI\Layout</Filter>
    </ClInclude>
    <ClInclude Include="GUI\Layout\RelativePanel.h">
      <Filter>GUI\Layout</Filter>
    </ClInclude>
    <ClInclude Include="GUI\Layout\StackPanel.h">
      <Filter>GUI\Layout</Filter>
    </ClInclude>
    <ClInclude Include="GUI\Layout\WrapPanel.h">
      <Filter>GUI\Layout</Filter>
    </ClInclude>
    <ClInclude Include="GUI\ToolBar.h">
      <Filter>GUI</Filter>
    </ClInclude>
    <ClInclude Include="GUI\StatusBar.h">
      <Filter>GUI</Filter>
    </ClInclude>
    <ClInclude Include="GUI\Slider.h">
      <Filter>GUI</Filter>
    </ClInclude>
    <ClInclude Include="GUI\Menu.h">
      <Filter>GUI</Filter>
    </ClInclude>
    <ClInclude Include="GUI\DCompLayeredHost.h">
      <Filter>GUI</Filter>
    </ClInclude>
    <ClInclude Include="GUI\MediaPlayer.h">
      <Filter>GUI</Filter>
    </ClInclude>
  </ItemGroup>
  <ItemGroup>
    <ClCompile Include="GUI\Control.cpp">
      <Filter>GUI</Filter>
    </ClCompile>
    <ClCompile Include="GUI\Form.cpp">
      <Filter>GUI</Filter>
    </ClCompile>
    <ClCompile Include="GUI\Application.cpp">
      <Filter>GUI</Filter>
    </ClCompile>
    <ClCompile Include="GUI\Button.cpp">
      <Filter>GUI</Filter>
    </ClCompile>
    <ClCompile Include="GUI\TextBox.cpp">
      <Filter>GUI</Filter>
    </ClCompile>
    <ClCompile Include="GUI\CheckBox.cpp">
      <Filter>GUI</Filter>
    </ClCompile>
    <ClCompile Include="GUI\ComboBox.cpp">
      <Filter>GUI</Filter>
    </ClCompile>
    <ClCompile Include="GUI\GridView.cpp">
      <Filter>GUI</Filter>
    </ClCompile>
    <ClCompile Include="GUI\Label.cpp">
      <Filter>GUI</Filter>
    </ClCompile>
    <ClCompile Include="GUI\Panel.cpp">
      <Filter>GUI</Filter>
    </ClCompile>
    <ClCompile Include="GUI\PasswordBox.cpp">
      <Filter>GUI</Filter>
    </ClCompile>
    <ClCompile Include="GUI\PictureBox.cpp">
      <Filter>GUI</Filter>
    </ClCompile>
    <ClCompile Include="GUI\ProgressBar.cpp">
      <Filter>GUI</Filter>
    </ClCompile>
    <ClCompile Include="GUI\RadioBox.cpp">
      <Filter>GUI</Filter>
    </ClCompile>
    <ClCompile Include="GUI\RichTextBox.cpp">
      <Filter>GUI</Filter>
    </ClCompile>
    <ClCompile Include="GUI\RoundTextBox.cpp">
      <Filter>GUI</Filter>
    </ClCompile>
    <ClCompile Include="GUI\Switch.cpp">
      <Filter>GUI</Filter>
    </ClCompile>
    <ClCompile Include="GUI\TabControl.cpp">
      <Filter>GUI</Filter>
    </ClCompile>
    <ClCompile Include="GUI\TreeView.cpp">
      <Filter>GUI</Filter>
    </ClCompile>
    <ClCompile Include="GUI\Taskbar.cpp">
      <Filter>GUI</Filter>
    </ClCompile>
    <ClCompile Include="GUI\NotifyIcon.cpp">
      <Filter>GUI</Filter>
    </ClCompile>
    <ClCompile Include="nanosvg.cpp">
      <Filter>源文件</Filter>
    </ClCompile>
    <ClCompile Include="GUI\WebBrowser.cpp">
      <Filter>GUI</Filter>
    </ClCompile>
    <ClCompile Include="GUI\Layout\WrapPanel.cpp">
      <Filter>GUI\Layout</Filter>
    </ClCompile>
    <ClCompile Include="GUI\Layout\StackPanel.cpp">
      <Filter>GUI\Layout</Filter>
    </ClCompile>
    <ClCompile Include="GUI\Layout\RelativePanel.cpp">
      <Filter>GUI\Layout</Filter>
    </ClCompile>
    <ClCompile Include="GUI\Layout\GridPanel.cpp">
      <Filter>GUI\Layout</Filter>
    </ClCompile>
    <ClCompile Include="GUI\Layout\DockPanel.cpp">
      <Filter>GUI\Layout</Filter>
    </ClCompile>
    <ClCompile Include="GUI\ToolBar.cpp">
      <Filter>GUI</Filter>
    </ClCompile>
    <ClCompile Include="GUI\StatusBar.cpp">
      <Filter>GUI</Filter>
    </ClCompile>
    <ClCompile Include="GUI\Slider.cpp">
      <Filter>GUI</Filter>
    </ClCompile>
    <ClCompile Include="GUI\Menu.cpp">
      <Filter>GUI</Filter>
    </ClCompile>
    <ClCompile Include="GUI\DCompLayeredHost.cpp">
      <Filter>GUI</Filter>
    </ClCompile>
    <ClCompile Include="GUI\MediaPlayer.cpp">
      <Filter>GUI</Filter>
    </ClCompile>
  </ItemGroup>
  <ItemGroup>
    <None Include="packages.config" />
  </ItemGroup>
</Project>